
Microsoft Visual Studio Solution File, Format Version 12.00
# Visual Studio Version 17
VisualStudioVersion = 17.0.31903.59
MinimumVisualStudioVersion = 10.0.40219.1
Project("{2150E333-8FDC-42A3-9474-1A3956D46DE8}") = "src", "src", "{827E0CD3-B72D-47B6-A68D-7590B98EB39B}"
EndProject
Project("{FAE04EC0-301F-11D3-BF4B-00C04F79EFBC}") = "Argus.Core", "src\Argus.Core\Argus.Core.csproj", "{D0307AB8-03AA-4EFC-B299-12AF490647A2}"
EndProject
Project("{FAE04EC0-301F-11D3-BF4B-00C04F79EFBC}") = "Argus.App", "src\Argus.App\Argus.App.csproj", "{5A87F754-8377-4C9E-B7EF-78C54E0A545D}"
EndProject
Project("{2150E333-8FDC-42A3-9474-1A3956D46DE8}") = "Modules", "Modules", "{EC447DCF-ABFA-6E24-52A5-D7FD48A5C558}"
EndProject
Project("{FAE04EC0-301F-11D3-BF4B-00C04F79EFBC}") = "Argus.Modules.Capture", "src\Modules\Argus.Modules.Capture\Argus.Modules.Capture.csproj", "{EADDC617-3565-47E4-9129-C484466F1790}"
EndProject
Project("{FAE04EC0-301F-11D3-BF4B-00C04F79EFBC}") = "Argus.Modules.Profiles", "src\Modules\Argus.Modules.Profiles\Argus.Modules.Profiles.csproj", "{5E743B4C-0E85-4E69-B349-4FA5F027A51B}"
EndProject
Project("{FAE04EC0-301F-11D3-BF4B-00C04F79EFBC}") = "Argus.Modules.Preview", "src\Modules\Argus.Modules.Preview\Argus.Modules.Preview.csproj", "{0685AFB5-1B05-4C9B-A0C5-7E72073E30F7}"
EndProject
Project("{FAE04EC0-301F-11D3-BF4B-00C04F79EFBC}") = "Argus.Modules.Alerts", "src\Modules\Argus.Modules.Alerts\Argus.Modules.Alerts.csproj", "{CA05C259-E527-47D4-B933-C2342E02833A}"
EndProject
Project("{FAE04EC0-301F-11D3-BF4B-00C04F79EFBC}") = "Argus.Modules.CombatLog", "src\Modules\Argus.Modules.CombatLog\Argus.Modules.CombatLog.csproj", "{1BB3B68A-5F65-4BD1-9729-4DB4D142D3A0}"
EndProject
Project("{FAE04EC0-301F-11D3-BF4B-00C04F79EFBC}") = "Argus.Ui", "src\Argus.Ui\Argus.Ui.csproj", "{D7F0A8AD-5B7D-4D37-9795-26E1CF3ED8D3}"
EndProject
Project("{2150E333-8FDC-42A3-9474-1A3956D46DE8}") = "Modules", "Modules", "{CA253913-39DE-BFD0-C9A3-4B7EC6FBDF17}"
EndProject
Project("{FAE04EC0-301F-11D3-BF4B-00C04F79EFBC}") = "Argus.Modules.Cctv", "src\Modules\Argus.Modules.Cctv\Argus.Modules.Cctv.csproj", "{79312EA6-CE98-4112-9E19-713B75A1E291}"
EndProject
Global
	GlobalSection(SolutionConfigurationPlatforms) = preSolution
		Debug|Any CPU = Debug|Any CPU
		Debug|x64 = Debug|x64
		Debug|x86 = Debug|x86
		Release|Any CPU = Release|Any CPU
		Release|x64 = Release|x64
		Release|x86 = Release|x86
	EndGlobalSection
	GlobalSection(ProjectConfigurationPlatforms) = postSolution
		{D0307AB8-03AA-4EFC-B299-12AF490647A2}.Debug|Any CPU.ActiveCfg = Debug|Any CPU
		{D0307AB8-03AA-4EFC-B299-12AF490647A2}.Debug|Any CPU.Build.0 = Debug|Any CPU
		{D0307AB8-03AA-4EFC-B299-12AF490647A2}.Debug|x64.ActiveCfg = Debug|Any CPU
		{D0307AB8-03AA-4EFC-B299-12AF490647A2}.Debug|x64.Build.0 = Debug|Any CPU
		{D0307AB8-03AA-4EFC-B299-12AF490647A2}.Debug|x86.ActiveCfg = Debug|Any CPU
		{D0307AB8-03AA-4EFC-B299-12AF490647A2}.Debug|x86.Build.0 = Debug|Any CPU
		{D0307AB8-03AA-4EFC-B299-12AF490647A2}.Release|Any CPU.ActiveCfg = Release|Any CPU
		{D0307AB8-03AA-4EFC-B299-12AF490647A2}.Release|Any CPU.Build.0 = Release|Any CPU
		{D0307AB8-03AA-4EFC-B299-12AF490647A2}.Release|x64.ActiveCfg = Release|Any CPU
		{D0307AB8-03AA-4EFC-B299-12AF490647A2}.Release|x64.Build.0 = Release|Any CPU
		{D0307AB8-03AA-4EFC-B299-12AF490647A2}.Release|x86.ActiveCfg = Release|Any CPU
		{D0307AB8-03AA-4EFC-B299-12AF490647A2}.Release|x86.Build.0 = Release|Any CPU
		{5A87F754-8377-4C9E-B7EF-78C54E0A545D}.Debug|Any CPU.ActiveCfg = Debug|Any CPU
		{5A87F754-8377-4C9E-B7EF-78C54E0A545D}.Debug|Any CPU.Build.0 = Debug|Any CPU
		{5A87F754-8377-4C9E-B7EF-78C54E0A545D}.Debug|x64.ActiveCfg = Debug|Any CPU
		{5A87F754-8377-4C9E-B7EF-78C54E0A545D}.Debug|x64.Build.0 = Debug|Any CPU
		{5A87F754-8377-4C9E-B7EF-78C54E0A545D}.Debug|x86.ActiveCfg = Debug|Any CPU
		{5A87F754-8377-4C9E-B7EF-78C54E0A545D}.Debug|x86.Build.0 = Debug|Any CPU
		{5A87F754-8377-4C9E-B7EF-78C54E0A545D}.Release|Any CPU.ActiveCfg = Release|Any CPU
		{5A87F754-8377-4C9E-B7EF-78C54E0A545D}.Release|Any CPU.Build.0 = Release|Any CPU
		{5A87F754-8377-4C9E-B7EF-78C54E0A545D}.Release|x64.ActiveCfg = Release|Any CPU
		{5A87F754-8377-4C9E-B7EF-78C54E0A545D}.Release|x64.Build.0 = Release|Any CPU
		{5A87F754-8377-4C9E-B7EF-78C54E0A545D}.Release|x86.ActiveCfg = Release|Any CPU
		{5A87F754-8377-4C9E-B7EF-78C54E0A545D}.Release|x86.Build.0 = Release|Any CPU
		{EADDC617-3565-47E4-9129-C484466F1790}.Debug|Any CPU.ActiveCfg = Debug|Any CPU
		{EADDC617-3565-47E4-9129-C484466F1790}.Debug|Any CPU.Build.0 = Debug|Any CPU
		{EADDC617-3565-47E4-9129-C484466F1790}.Debug|x64.ActiveCfg = Debug|Any CPU
		{EADDC617-3565-47E4-9129-C484466F1790}.Debug|x64.Build.0 = Debug|Any CPU
		{EADDC617-3565-47E4-9129-C484466F1790}.Debug|x86.ActiveCfg = Debug|Any CPU
		{EADDC617-3565-47E4-9129-C484466F1790}.Debug|x86.Build.0 = Debug|Any CPU
		{EADDC617-3565-47E4-9129-C484466F1790}.Release|Any CPU.ActiveCfg = Release|Any CPU
		{EADDC617-3565-47E4-9129-C484466F1790}.Release|Any CPU.Build.0 = Release|Any CPU
		{EADDC617-3565-47E4-9129-C484466F1790}.Release|x64.ActiveCfg = Release|Any CPU
		{EADDC617-3565-47E4-9129-C484466F1790}.Release|x64.Build.0 = Release|Any CPU
		{EADDC617-3565-47E4-9129-C484466F1790}.Release|x86.ActiveCfg = Release|Any CPU
		{EADDC617-3565-47E4-9129-C484466F1790}.Release|x86.Build.0 = Release|Any CPU
		{5E743B4C-0E85-4E69-B349-4FA5F027A51B}.Debug|Any CPU.ActiveCfg = Debug|Any CPU
		{5E743B4C-0E85-4E69-B349-4FA5F027A51B}.Debug|Any CPU.Build.0 = Debug|Any CPU
		{5E743B4C-0E85-4E69-B349-4FA5F027A51B}.Debug|x64.ActiveCfg = Debug|Any CPU
		{5E743B4C-0E85-4E69-B349-4FA5F027A51B}.Debug|x64.Build.0 = Debug|Any CPU
		{5E743B4C-0E85-4E69-B349-4FA5F027A51B}.Debug|x86.ActiveCfg = Debug|Any CPU
		{5E743B4C-0E85-4E69-B349-4FA5F027A51B}.Debug|x86.Build.0 = Debug|Any CPU
		{5E743B4C-0E85-4E69-B349-4FA5F027A51B}.Release|Any CPU.ActiveCfg = Release|Any CPU
		{5E743B4C-0E85-4E69-B349-4FA5F027A51B}.Release|Any CPU.Build.0 = Release|Any CPU
		{5E743B4C-0E85-4E69-B349-4FA5F027A51B}.Release|x64.ActiveCfg = Release|Any CPU
		{5E743B4C-0E85-4E69-B349-4FA5F027A51B}.Release|x64.Build.0 = Release|Any CPU
		{5E743B4C-0E85-4E69-B349-4FA5F027A51B}.Release|x86.ActiveCfg = Release|Any CPU
		{5E743B4C-0E85-4E69-B349-4FA5F027A51B}.Release|x86.Build.0 = Release|Any CPU
		{0685AFB5-1B05-4C9B-A0C5-7E72073E30F7}.Debug|Any CPU.ActiveCfg = Debug|Any CPU
		{0685AFB5-1B05-4C9B-A0C5-7E72073E30F7}.Debug|Any CPU.Build.0 = Debug|Any CPU
		{0685AFB5-1B05-4C9B-A0C5-7E72073E30F7}.Debug|x64.ActiveCfg = Debug|Any CPU
		{0685AFB5-1B05-4C9B-A0C5-7E72073E30F7}.Debug|x64.Build.0 = Debug|Any CPU
		{0685AFB5-1B05-4C9B-A0C5-7E72073E30F7}.Debug|x86.ActiveCfg = Debug|Any CPU
		{0685AFB5-1B05-4C9B-A0C5-7E72073E30F7}.Debug|x86.Build.0 = Debug|Any CPU
		{0685AFB5-1B05-4C9B-A0C5-7E72073E30F7}.Release|Any CPU.ActiveCfg = Release|Any CPU
		{0685AFB5-1B05-4C9B-A0C5-7E72073E30F7}.Release|Any CPU.Build.0 = Release|Any CPU
		{0685AFB5-1B05-4C9B-A0C5-7E72073E30F7}.Release|x64.ActiveCfg = Release|Any CPU
		{0685AFB5-1B05-4C9B-A0C5-7E72073E30F7}.Release|x64.Build.0 = Release|Any CPU
		{0685AFB5-1B05-4C9B-A0C5-7E72073E30F7}.Release|x86.ActiveCfg = Release|Any CPU
		{0685AFB5-1B05-4C9B-A0C5-7E72073E30F7}.Release|x86.Build.0 = Release|Any CPU
		{CA05C259-E527-47D4-B933-C2342E02833A}.Debug|Any CPU.ActiveCfg = Debug|Any CPU
		{CA05C259-E527-47D4-B933-C2342E02833A}.Debug|Any CPU.Build.0 = Debug|Any CPU
		{CA05C259-E527-47D4-B933-C2342E02833A}.Debug|x64.ActiveCfg = Debug|Any CPU
		{CA05C259-E527-47D4-B933-C2342E02833A}.Debug|x64.Build.0 = Debug|Any CPU
		{CA05C259-E527-47D4-B933-C2342E02833A}.Debug|x86.ActiveCfg = Debug|Any CPU
		{CA05C259-E527-47D4-B933-C2342E02833A}.Debug|x86.Build.0 = Debug|Any CPU
		{CA05C259-E527-47D4-B933-C2342E02833A}.Release|Any CPU.ActiveCfg = Release|Any CPU
		{CA05C259-E527-47D4-B933-C2342E02833A}.Release|Any CPU.Build.0 = Release|Any CPU
		{CA05C259-E527-47D4-B933-C2342E02833A}.Release|x64.ActiveCfg = Release|Any CPU
		{CA05C259-E527-47D4-B933-C2342E02833A}.Release|x64.Build.0 = Release|Any CPU
		{CA05C259-E527-47D4-B933-C2342E02833A}.Release|x86.ActiveCfg = Release|Any CPU
		{CA05C259-E527-47D4-B933-C2342E02833A}.Release|x86.Build.0 = Release|Any CPU
		{1BB3B68A-5F65-4BD1-9729-4DB4D142D3A0}.Debug|Any CPU.ActiveCfg = Debug|Any CPU
		{1BB3B68A-5F65-4BD1-9729-4DB4D142D3A0}.Debug|Any CPU.Build.0 = Debug|Any CPU
		{1BB3B68A-5F65-4BD1-9729-4DB4D142D3A0}.Debug|x64.ActiveCfg = Debug|Any CPU
		{1BB3B68A-5F65-4BD1-9729-4DB4D142D3A0}.Debug|x64.Build.0 = Debug|Any CPU
		{1BB3B68A-5F65-4BD1-9729-4DB4D142D3A0}.Debug|x86.ActiveCfg = Debug|Any CPU
		{1BB3B68A-5F65-4BD1-9729-4DB4D142D3A0}.Debug|x86.Build.0 = Debug|Any CPU
		{1BB3B68A-5F65-4BD1-9729-4DB4D142D3A0}.Release|Any CPU.ActiveCfg = Release|Any CPU
		{1BB3B68A-5F65-4BD1-9729-4DB4D142D3A0}.Release|Any CPU.Build.0 = Release|Any CPU
		{1BB3B68A-5F65-4BD1-9729-4DB4D142D3A0}.Release|x64.ActiveCfg = Release|Any CPU
		{1BB3B68A-5F65-4BD1-9729-4DB4D142D3A0}.Release|x64.Build.0 = Release|Any CPU
		{1BB3B68A-5F65-4BD1-9729-4DB4D142D3A0}.Release|x86.ActiveCfg = Release|Any CPU
		{1BB3B68A-5F65-4BD1-9729-4DB4D142D3A0}.Release|x86.Build.0 = Release|Any CPU
		{D7F0A8AD-5B7D-4D37-9795-26E1CF3ED8D3}.Debug|Any CPU.ActiveCfg = Debug|Any CPU
		{D7F0A8AD-5B7D-4D37-9795-26E1CF3ED8D3}.Debug|Any CPU.Build.0 = Debug|Any CPU
		{D7F0A8AD-5B7D-4D37-9795-26E1CF3ED8D3}.Debug|x64.ActiveCfg = Debug|Any CPU
		{D7F0A8AD-5B7D-4D37-9795-26E1CF3ED8D3}.Debug|x64.Build.0 = Debug|Any CPU
		{D7F0A8AD-5B7D-4D37-9795-26E1CF3ED8D3}.Debug|x86.ActiveCfg = Debug|Any CPU
		{D7F0A8AD-5B7D-4D37-9795-26E1CF3ED8D3}.Debug|x86.Build.0 = Debug|Any CPU
		{D7F0A8AD-5B7D-4D37-9795-26E1CF3ED8D3}.Release|Any CPU.ActiveCfg = Release|Any CPU
		{D7F0A8AD-5B7D-4D37-9795-26E1CF3ED8D3}.Release|Any CPU.Build.0 = Release|Any CPU
		{D7F0A8AD-5B7D-4D37-9795-26E1CF3ED8D3}.Release|x64.ActiveCfg = Release|Any CPU
		{D7F0A8AD-5B7D-4D37-9795-26E1CF3ED8D3}.Release|x64.Build.0 = Release|Any CPU
		{D7F0A8AD-5B7D-4D37-9795-26E1CF3ED8D3}.Release|x86.ActiveCfg = Release|Any CPU
		{D7F0A8AD-5B7D-4D37-9795-26E1CF3ED8D3}.Release|x86.Build.0 = Release|Any CPU
		{79312EA6-CE98-4112-9E19-713B75A1E291}.Debug|Any CPU.ActiveCfg = Debug|Any CPU
		{79312EA6-CE98-4112-9E19-713B75A1E291}.Debug|Any CPU.Build.0 = Debug|Any CPU
		{79312EA6-CE98-4112-9E19-713B75A1E291}.Debug|x64.ActiveCfg = Debug|Any CPU
		{79312EA6-CE98-4112-9E19-713B75A1E291}.Debug|x64.Build.0 = Debug|Any CPU
		{79312EA6-CE98-4112-9E19-713B75A1E291}.Debug|x86.ActiveCfg = Debug|Any CPU
		{79312EA6-CE98-4112-9E19-713B75A1E291}.Debug|x86.Build.0 = Debug|Any CPU
		{79312EA6-CE98-4112-9E19-713B75A1E291}.Release|Any CPU.ActiveCfg = Release|Any CPU
		{79312EA6-CE98-4112-9E19-713B75A1E291}.Release|Any CPU.Build.0 = Release|Any CPU
		{79312EA6-CE98-4112-9E19-713B75A1E291}.Release|x64.ActiveCfg = Release|Any CPU
		{79312EA6-CE98-4112-9E19-713B75A1E291}.Release|x64.Build.0 = Release|Any CPU
		{79312EA6-CE98-4112-9E19-713B75A1E291}.Release|x86.ActiveCfg = Release|Any CPU
		{79312EA6-CE98-4112-9E19-713B75A1E291}.Release|x86.Build.0 = Release|Any CPU
	EndGlobalSection
	GlobalSection(SolutionProperties) = preSolution
		HideSolutionNode = FALSE
	EndGlobalSection
	GlobalSection(NestedProjects) = preSolution
		{D0307AB8-03AA-4EFC-B299-12AF490647A2} = {827E0CD3-B72D-47B6-A68D-7590B98EB39B}
		{5A87F754-8377-4C9E-B7EF-78C54E0A545D} = {827E0CD3-B72D-47B6-A68D-7590B98EB39B}
		{EC447DCF-ABFA-6E24-52A5-D7FD48A5C558} = {827E0CD3-B72D-47B6-A68D-7590B98EB39B}
		{EADDC617-3565-47E4-9129-C484466F1790} = {EC447DCF-ABFA-6E24-52A5-D7FD48A5C558}
		{5E743B4C-0E85-4E69-B349-4FA5F027A51B} = {EC447DCF-ABFA-6E24-52A5-D7FD48A5C558}
		{0685AFB5-1B05-4C9B-A0C5-7E72073E30F7} = {EC447DCF-ABFA-6E24-52A5-D7FD48A5C558}
		{CA05C259-E527-47D4-B933-C2342E02833A} = {EC447DCF-ABFA-6E24-52A5-D7FD48A5C558}
		{1BB3B68A-5F65-4BD1-9729-4DB4D142D3A0} = {EC447DCF-ABFA-6E24-52A5-D7FD48A5C558}
		{D7F0A8AD-5B7D-4D37-9795-26E1CF3ED8D3} = {827E0CD3-B72D-47B6-A68D-7590B98EB39B}
		{79312EA6-CE98-4112-9E19-713B75A1E291} = {CA253913-39DE-BFD0-C9A3-4B7EC6FBDF17}
	EndGlobalSection
EndGlobal
